{
    "name": "cordova-custom-config",
    "version": "4.0.2",
    "lockfileVersion": 1,
    "requires": true,
    "dependencies": {
        "balanced-match": {
            "version": "1.0.0",
            "resolved": "https://registry.npmjs.org/balanced-match/-/balanced-match-1.0.0.tgz",
            "integrity": "sha1-ibTRmasr7kneFk6gK4nORi1xt2c="
        },
        "base64-js": {
            "version": "0.0.8",
            "resolved": "https://registry.npmjs.org/base64-js/-/base64-js-0.0.8.tgz",
            "integrity": "sha1-EQHpVE9KdrG8OybUUsqW16NeeXg="
        },
        "bplist-creator": {
            "version": "0.0.4",
            "resolved": "https://registry.npmjs.org/bplist-creator/-/bplist-creator-0.0.4.tgz",
            "integrity": "sha1-SsBJZ4LhJ6hcHSAmpPXrIqev+ZE=",
            "requires": {
                "stream-buffers": "0.2.6"
            }
        },
        "bplist-parser": {
            "version": "0.0.6",
            "resolved": "https://registry.npmjs.org/bplist-parser/-/bplist-parser-0.0.6.tgz",
            "integrity": "sha1-ONo0cYF9+dRKs4kuJ3B7u9daEbk="
        },
        "brace-expansion": {
            "version": "1.1.8",
            "resolved": "https://registry.npmjs.org/brace-expansion/-/brace-expansion-1.1.8.tgz",
            "integrity": "sha1-wHshHHyVLsH479Uad+8NHTmQopI=",
            "requires": {
                "balanced-match": "1.0.0",
                "concat-map": "0.0.1"
            }
        },
        "capture-stack-trace": {
            "version": "1.0.0",
            "resolved": "https://registry.npmjs.org/capture-stack-trace/-/capture-stack-trace-1.0.0.tgz",
            "integrity": "sha1-Sm+gc5nCa7pH8LJJa00PtAjFVQ0=",
            "dev": true
        },
        "cli": {
            "version": "1.0.1",
            "resolved": "https://registry.npmjs.org/cli/-/cli-1.0.1.tgz",
            "integrity": "sha1-IoF1NPJL+klQw01TLUjsvGIbjBQ=",
            "dev": true,
            "requires": {
                "exit": "0.1.2",
                "glob": "7.1.2"
            }
        },
        "colors": {
            "version": "1.1.2",
            "resolved": "https://registry.npmjs.org/colors/-/colors-1.1.2.tgz",
            "integrity": "sha1-FopHAXVran9RoSzgyXv6KMCE7WM="
        },
        "concat-map": {
            "version": "0.0.1",
            "resolved": "https://registry.npmjs.org/concat-map/-/concat-map-0.0.1.tgz",
            "integrity": "sha1-2Klr13/Wjfd5OnMDajug1UBdR3s="
        },
        "console-browserify": {
            "version": "1.1.0",
            "resolved": "https://registry.npmjs.org/console-browserify/-/console-browserify-1.1.0.tgz",
            "integrity": "sha1-8CQcRXMKn8YyOyBtvzjtx0HQuxA=",
            "dev": true,
            "requires": {
                "date-now": "0.1.4"
            }
        },
        "core-util-is": {
            "version": "1.0.2",
            "resolved": "https://registry.npmjs.org/core-util-is/-/core-util-is-1.0.2.tgz",
            "integrity": "sha1-tf1UIgqivFq1eqtxQMlAdUUDwac=",
            "dev": true
        },
        "create-error-class": {
            "version": "3.0.2",
            "resolved": "https://registry.npmjs.org/create-error-class/-/create-error-class-3.0.2.tgz",
            "integrity": "sha1-Br56vvlHo/FKMP1hBnHUAbyot7Y=",
            "dev": true,
            "requires": {
                "capture-stack-trace": "1.0.0"
            }
        },
        "date-now": {
            "version": "0.1.4",
            "resolved": "https://registry.npmjs.org/date-now/-/date-now-0.1.4.tgz",
            "integrity": "sha1-6vQ5/U1ISK105cx9vvIAZyueNFs=",
            "dev": true
        },
        "dom-serializer": {
            "version": "0.1.0",
            "resolved": "https://registry.npmjs.org/dom-serializer/-/dom-serializer-0.1.0.tgz",
            "integrity": "sha1-BzxpdUbOB4DOI75KKOKT5AvDDII=",
            "dev": true,
            "requires": {
                "domelementtype": "1.1.3",
                "entities": "1.1.1"
            },
            "dependencies": {
                "domelementtype": {
                    "version": "1.1.3",
                    "resolved": "https://registry.npmjs.org/domelementtype/-/domelementtype-1.1.3.tgz",
                    "integrity": "sha1-vSh3PiZCiBrsUVRJJCmcXNgiGFs=",
                    "dev": true
                },
                "entities": {
                    "version": "1.1.1",
                    "resolved": "https://registry.npmjs.org/entities/-/entities-1.1.1.tgz",
                    "integrity": "sha1-blwtClYhtdra7O+AuQ7ftc13cvA=",
                    "dev": true
                }
            }
        },
        "domelementtype": {
            "version": "1.3.0",
            "resolved": "https://registry.npmjs.org/domelementtype/-/domelementtype-1.3.0.tgz",
            "integrity": "sha1-sXrtguirWeUt2cGbF1bg/BhyBMI=",
            "dev": true
        },
        "domhandler": {
            "version": "2.3.0",
            "resolved": "https://registry.npmjs.org/domhandler/-/domhandler-2.3.0.tgz",
            "integrity": "sha1-LeWaCCLVAn+r/28DLCsloqir5zg=",
            "dev": true,
            "requires": {
                "domelementtype": "1.3.0"
            }
        },
        "domutils": {
            "version": "1.5.1",
            "resolved": "https://registry.npmjs.org/domutils/-/domutils-1.5.1.tgz",
            "integrity": "sha1-3NhIiib1Y9YQeeSMn3t+Mjc2gs8=",
            "dev": true,
            "requires": {
                "dom-serializer": "0.1.0",
                "domelementtype": "1.3.0"
            }
        },
        "duplexer3": {
            "version": "0.1.4",
            "resolved": "https://registry.npmjs.org/duplexer3/-/duplexer3-0.1.4.tgz",
            "integrity": "sha1-7gHdHKwO08vH/b6jfcCo8c4ALOI=",
            "dev": true
        },
        "elementtree": {
            "version": "0.1.6",
            "resolved": "https://registry.npmjs.org/elementtree/-/elementtree-0.1.6.tgz",
            "integrity": "sha1-KsTEbqMFFsjEy9teOsdBjlkt4gw=",
            "requires": {
                "sax": "0.3.5"
            }
        },
        "entities": {
            "version": "1.0.0",
            "resolved": "https://registry.npmjs.org/entities/-/entities-1.0.0.tgz",
            "integrity": "sha1-sph6o4ITR/zeZCsk/fyeT7cSvyY=",
            "dev": true
        },
        "exit": {
            "version": "0.1.2",
            "resolved": "https://registry.npmjs.org/exit/-/exit-0.1.2.tgz",
            "integrity": "sha1-BjJjj42HfMghB9MKD/8aF8uhzQw=",
            "dev": true
        },
        "fs.realpath": {
            "version": "1.0.0",
            "resolved": "https://registry.npmjs.org/fs.realpath/-/fs.realpath-1.0.0.tgz",
            "integrity": "sha1-FQStJSMVjKpA20onh8sBQRmU6k8="
        },
        "get-stream": {
            "version": "3.0.0",
            "resolved": "https://registry.npmjs.org/get-stream/-/get-stream-3.0.0.tgz",
            "integrity": "sha1-jpQ9E1jcN1VQVOy+LtsFqhdO3hQ=",
            "dev": true
        },
        "glob": {
            "version": "7.1.2",
            "resolved": "https://registry.npmjs.org/glob/-/glob-7.1.2.tgz",
            "integrity": "sha512-MJTUg1kjuLeQCJ+ccE4Vpa6kKVXkPYJ2mOCQyUuKLcLQsdrMCpBPUi8qVE6+YuaJkozeA9NusTAw3hLr8Xe5EQ==",
            "requires": {
                "fs.realpath": "1.0.0",
                "inflight": "1.0.6",
                "inherits": "2.0.3",
                "minimatch": "3.0.4",
                "once": "1.4.0",
                "path-is-absolute": "1.0.1"
            }
        },
        "got": {
            "version": "6.7.1",
            "resolved": "https://registry.npmjs.org/got/-/got-6.7.1.tgz",
            "integrity": "sha1-JAzQV4WpoY5WHcG0S0HHY+8ejbA=",
            "dev": true,
            "requires": {
                "create-error-class": "3.0.2",
                "duplexer3": "0.1.4",
                "get-stream": "3.0.0",
                "is-redirect": "1.0.0",
                "is-retry-allowed": "1.1.0",
                "is-stream": "1.1.0",
                "lowercase-keys": "1.0.0",
                "safe-buffer": "5.1.1",
                "timed-out": "4.0.1",
                "unzip-response": "2.0.1",
                "url-parse-lax": "1.0.0"
            }
        },
        "htmlparser2": {
            "version": "3.8.3",
            "resolved": "https://registry.npmjs.org/htmlparser2/-/htmlparser2-3.8.3.tgz",
            "integrity": "sha1-mWwosZFRaovoZQGn15dX5ccMEGg=",
            "dev": true,
            "requires": {
                "domelementtype": "1.3.0",
                "domhandler": "2.3.0",
                "domutils": "1.5.1",
                "entities": "1.0.0",
                "readable-stream": "1.1.14"
            }
        },
        "inflight": {
            "version": "1.0.6",
            "resolved": "https://registry.npmjs.org/inflight/-/inflight-1.0.6.tgz",
            "integrity": "sha1-Sb1jMdfQLQwJvJEKEHW6gWW1bfk=",
            "requires": {
                "once": "1.4.0",
                "wrappy": "1.0.2"
            }
        },
        "inherits": {
            "version": "2.0.3",
            "resolved": "https://registry.npmjs.org/inherits/-/inherits-2.0.3.tgz",
            "integrity": "sha1-Yzwsg+PaQqUC9SRmAiSA9CCCYd4="
        },
        "interpret": {
            "version": "1.0.3",
            "resolved": "https://registry.npmjs.org/interpret/-/interpret-1.0.3.tgz",
            "integrity": "sha1-y8NcYu7uc/Gat7EKgBURQBr8D5A="
        },
        "is-redirect": {
            "version": "1.0.0",
            "resolved": "https://registry.npmjs.org/is-redirect/-/is-redirect-1.0.0.tgz",
            "integrity": "sha1-HQPd7VO9jbDzDCbk+V02/HyH3CQ=",
            "dev": true
        },
        "is-retry-allowed": {
            "version": "1.1.0",
            "resolved": "https://registry.npmjs.org/is-retry-allowed/-/is-retry-allowed-1.1.0.tgz",
            "integrity": "sha1-EaBgVotnM5REAz0BJaYaINVk+zQ=",
            "dev": true
        },
        "is-stream": {
            "version": "1.1.0",
            "resolved": "https://registry.npmjs.org/is-stream/-/is-stream-1.1.0.tgz",
            "integrity": "sha1-EtSj3U5o4Lec6428hBc66A2RykQ=",
            "dev": true
        },
        "isarray": {
            "version": "0.0.1",
            "resolved": "https://registry.npmjs.org/isarray/-/isarray-0.0.1.tgz",
            "integrity": "sha1-ihis/Kmo9Bd+Cav8YDiTmwXR7t8=",
            "dev": true
        },
        "jshint": {
            "version": "2.9.5",
            "resolved": "https://registry.npmjs.org/jshint/-/jshint-2.9.5.tgz",
            "integrity": "sha1-HnJSkVzmgbQIJ+4UJIxG006apiw=",
            "dev": true,
            "requires": {
                "cli": "1.0.1",
                "console-browserify": "1.1.0",
                "exit": "0.1.2",
                "htmlparser2": "3.8.3",
                "lodash": "3.7.0",
                "minimatch": "3.0.4",
                "shelljs": "0.3.0",
                "strip-json-comments": "1.0.4"
            },
            "dependencies": {
                "lodash": {
                    "version": "3.7.0",
                    "resolved": "https://registry.npmjs.org/lodash/-/lodash-3.7.0.tgz",
                    "integrity": "sha1-Nni9irmVBXwHreg27S7wh9qBHUU=",
                    "dev": true
                },
                "shelljs": {
                    "version": "0.3.0",
                    "resolved": "https://registry.npmjs.org/shelljs/-/shelljs-0.3.0.tgz",
                    "integrity": "sha1-NZbmMHp4FUT1kfN9phg2DzHbV7E=",
                    "dev": true
                }
            }
        },
        "lodash": {
            "version": "4.17.4",
            "resolved": "https://registry.npmjs.org/lodash/-/lodash-4.17.4.tgz",
            "integrity": "sha1-eCA6TRwyiuHYbcpkYONptX9AVa4="
        },
        "lowercase-keys": {
            "version": "1.0.0",
            "resolved": "https://registry.npmjs.org/lowercase-keys/-/lowercase-keys-1.0.0.tgz",
            "integrity": "sha1-TjNms55/VFfjXxMkvfb4jQv8cwY=",
            "dev": true
        },
        "minimatch": {
            "version": "3.0.4",
            "resolved": "https://registry.npmjs.org/minimatch/-/minimatch-3.0.4.tgz",
            "integrity": "sha512-yJHVQEhyqPLUTgt9B83PXu6W3rx4MvvHvSUvToogpwoGDOUQ+yDrR0HRot+yOCdCO7u4hX3pWft6kWBBcqh0UA==",
            "requires": {
                "brace-expansion": "1.1.8"
            }
        },
        "node-uuid": {
            "version": "1.4.7",
            "resolved": "https://registry.npmjs.org/node-uuid/-/node-uuid-1.4.7.tgz",
            "integrity": "sha1-baWhdmjEs91ZYjvaEc9/pMH2Cm8="
        },
        "once": {
            "version": "1.4.0",
            "resolved": "https://registry.npmjs.org/once/-/once-1.4.0.tgz",
            "integrity": "sha1-WDsap3WWHUsROsF9nFC6753Xa9E=",
            "requires": {
                "wrappy": "1.0.2"
            }
        },
        "path-is-absolute": {
            "version": "1.0.1",
            "resolved": "https://registry.npmjs.org/path-is-absolute/-/path-is-absolute-1.0.1.tgz",
            "integrity": "sha1-F0uSaHNVNP+8es5r9TpanhtcX18="
        },
        "path-parse": {
            "version": "1.0.5",
            "resolved": "https://registry.npmjs.org/path-parse/-/path-parse-1.0.5.tgz",
            "integrity": "sha1-PBrfhx6pzWyUMbbqK9dKD/BVxME="
        },
        "pegjs": {
            "version": "0.9.0",
            "resolved": "https://registry.npmjs.org/pegjs/-/pegjs-0.9.0.tgz",
            "integrity": "sha1-9q76LjzlYWkgjlIXnf5B+JFBo2k="
        },
        "plist": {
            "version": "1.2.0",
            "resolved": "https://registry.npmjs.org/plist/-/plist-1.2.0.tgz",
            "integrity": "sha1-CEtQk93JJQbiWfh0uNmxr7jHlZM=",
            "requires": {
                "base64-js": "0.0.8",
                "util-deprecate": "1.0.2",
                "xmlbuilder": "4.0.0",
                "xmldom": "0.1.27"
            }
        },
        "prepend-http": {
            "version": "1.0.4",
            "resolved": "https://registry.npmjs.org/prepend-http/-/prepend-http-1.0.4.tgz",
            "integrity": "sha1-1PRWKwzjaW5BrFLQ4ALlemNdxtw=",
            "dev": true
        },
        "readable-stream": {
            "version": "1.1.14",
            "resolved": "https://registry.npmjs.org/readable-stream/-/readable-stream-1.1.14.tgz",
            "integrity": "sha1-fPTFTvZI44EwhMY23SB54WbAgdk=",
            "dev": true,
            "requires": {
                "core-util-is": "1.0.2",
                "inherits": "2.0.3",
                "isarray": "0.0.1",
                "string_decoder": "0.10.31"
            }
        },
        "rechoir": {
            "version": "0.6.2",
            "resolved": "https://registry.npmjs.org/rechoir/-/rechoir-0.6.2.tgz",
            "integrity": "sha1-hSBLVNuoLVdC4oyWdW70OvUOM4Q=",
            "requires": {
                "resolve": "1.4.0"
            }
        },
        "resolve": {
            "version": "1.4.0",
            "resolved": "https://registry.npmjs.org/resolve/-/resolve-1.4.0.tgz",
            "integrity": "sha512-aW7sVKPufyHqOmyyLzg/J+8606v5nevBgaliIlV7nUpVMsDnoBGV/cbSLNjZAg9q0Cfd/+easKVKQ8vOu8fn1Q==",
            "requires": {
                "path-parse": "1.0.5"
            }
        },
        "safe-buffer": {
            "version": "5.1.1",
            "resolved": "https://registry.npmjs.org/safe-buffer/-/safe-buffer-5.1.1.tgz",
            "integrity": "sha512-kKvNJn6Mm93gAczWVJg7wH+wGYWNrDHdWvpUmHyEsgCtIwwo3bqPtV4tR5tuPaUhTOo/kvhVwd8XwwOllGYkbg==",
            "dev": true
        },
        "sax": {
            "version": "0.3.5",
            "resolved": "https://registry.npmjs.org/sax/-/sax-0.3.5.tgz",
            "integrity": "sha1-iPz8H3PAyLvVt8d2ttPzUB7tBz0="
        },
        "shelljs": {
            "version": "0.7.8",
            "resolved": "https://registry.npmjs.org/shelljs/-/shelljs-0.7.8.tgz",
            "integrity": "sha1-3svPh0sNHl+3LhSxZKloMEjprLM=",
            "requires": {
                "glob": "7.1.2",
                "interpret": "1.0.3",
                "rechoir": "0.6.2"
            }
        },
        "simple-plist": {
            "version": "0.1.4",
            "resolved": "https://registry.npmjs.org/simple-plist/-/simple-plist-0.1.4.tgz",
            "integrity": "sha1-EOtRtH4zxVbrjsRtXuZNZOcX210=",
            "requires": {
                "bplist-creator": "0.0.4",
                "bplist-parser": "0.0.6",
                "plist": "1.2.0"
            }
        },
        "stream-buffers": {
            "version": "0.2.6",
            "resolved": "https://registry.npmjs.org/stream-buffers/-/stream-buffers-0.2.6.tgz",
            "integrity": "sha1-GBwI1bs2kARfaUAbmuanoM8zE/w="
        },
        "string_decoder": {
            "version": "0.10.31",
            "resolved": "https://registry.npmjs.org/string_decoder/-/string_decoder-0.10.31.tgz",
            "integrity": "sha1-YuIDvEF2bGwoyfyEMB2rHFMQ+pQ=",
            "dev": true
        },
        "strip-json-comments": {
            "version": "1.0.4",
            "resolved": "https://registry.npmjs.org/strip-json-comments/-/strip-json-comments-1.0.4.tgz",
            "integrity": "sha1-HhX7ysl9Pumb8tc7TGVrCCu6+5E=",
            "dev": true
        },
        "timed-out": {
            "version": "4.0.1",
            "resolved": "https://registry.npmjs.org/timed-out/-/timed-out-4.0.1.tgz",
            "integrity": "sha1-8y6srFoXW+ol1/q1Zas+2HQe9W8=",
            "dev": true
        },
        "tostr": {
            "version": "0.1.0",
            "resolved": "https://registry.npmjs.org/tostr/-/tostr-0.1.0.tgz",
            "integrity": "sha1-cjm6H6gHyBAMlTLNIxvwQat3lik="
        },
        "unzip-response": {
            "version": "2.0.1",
            "resolved": "https://registry.npmjs.org/unzip-response/-/unzip-response-2.0.1.tgz",
            "integrity": "sha1-0vD3N9FrBhXnKmk17QQhRXLVb5c=",
            "dev": true
        },
        "url-parse-lax": {
            "version": "1.0.0",
            "resolved": "https://registry.npmjs.org/url-parse-lax/-/url-parse-lax-1.0.0.tgz",
            "integrity": "sha1-evjzA2Rem9eaJy56FKxovAYJ2nM=",
            "dev": true,
            "requires": {
                "prepend-http": "1.0.4"
            }
        },
        "util-deprecate": {
            "version": "1.0.2",
            "resolved": "https://registry.npmjs.org/util-deprecate/-/util-deprecate-1.0.2.tgz",
            "integrity": "sha1-RQ1Nyfpw3nMnYvvS1KKJgUGaDM8="
        },
        "wrappy": {
            "version": "1.0.2",
            "resolved": "https://registry.npmjs.org/wrappy/-/wrappy-1.0.2.tgz",
            "integrity": "sha1-tSQ9jz7BqjXxNkYFvA0QNuMKtp8="
        },
        "xcode": {
            "version": "0.8.9",
            "resolved": "https://registry.npmjs.org/xcode/-/xcode-0.8.9.tgz",
            "integrity": "sha1-7Gdl9w6dzMzJ9umlubTn6BS0zzU=",
            "requires": {
                "node-uuid": "1.4.7",
                "pegjs": "0.9.0",
                "simple-plist": "0.1.4"
            }
        },
        "xmlbuilder": {
            "version": "4.0.0",
            "resolved": "https://registry.npmjs.org/xmlbuilder/-/xmlbuilder-4.0.0.tgz",
            "integrity": "sha1-mLj2UcowqmJANvEn0RzGbce5B6M=",
            "requires": {
                "lodash": "3.10.1"
            },
            "dependencies": {
                "lodash": {
                    "version": "3.10.1",
                    "resolved": "https://registry.npmjs.org/lodash/-/lodash-3.10.1.tgz",
                    "integrity": "sha1-W/Rejkm6QYnhfUgnid/RW9FAt7Y="
                }
            }
        },
        "xmldom": {
            "version": "0.1.27",
            "resolved": "https://registry.npmjs.org/xmldom/-/xmldom-0.1.27.tgz",
            "integrity": "sha1-1QH5ezvbQDr4757MIFcxh6rawOk="
        }
    }
}
