{
    "name": "cordova-custom-config",
    "version": "4.0.2",
    "lockfileVersion": 1,
    "requires": true,
    "dependencies": {
        "elementtree": {
            "version": "0.1.6",
            "resolved": "https://registry.npmjs.org/elementtree/-/elementtree-0.1.6.tgz",
            "integrity": "sha1-KsTEbqMFFsjEy9teOsdBjlkt4gw=",
            "requires": {
                "sax": "0.3.5"
            }
        },
        "sax": {
            "version": "0.3.5",
            "resolved": "https://registry.npmjs.org/sax/-/sax-0.3.5.tgz",
            "integrity": "sha1-iPz8H3PAyLvVt8d2ttPzUB7tBz0="
        }
    }
}
